
Microsoft Visual Studio Solution File, Format Version 12.00
# Visual Studio Version 16
VisualStudioVersion = 16.0.32602.291
MinimumVisualStudioVersion = 10.0.40219.1
Project("{FAE04EC0-301F-11D3-BF4B-00C04F79EFBC}") = "Invoice_Web_API", "Invoice_Web_API\Invoice_Web_API.csproj", "{F4EC5F6E-B684-42D2-A8A8-772AF3DD3ED2}"
EndProject
Global
	GlobalSection(SolutionConfigurationPlatforms) = preSolution
		Debug|Any CPU = Debug|Any CPU
		Release|Any CPU = Release|Any CPU
	EndGlobalSection
	GlobalSection(ProjectConfigurationPlatforms) = postSolution
		{F4EC5F6E-B684-42D2-A8A8-772AF3DD3ED2}.Debug|Any CPU.ActiveCfg = Debug|Any CPU
		{F4EC5F6E-B684-42D2-A8A8-772AF3DD3ED2}.Debug|Any CPU.Build.0 = Debug|Any CPU
		{F4EC5F6E-B684-42D2-A8A8-772AF3DD3ED2}.Release|Any CPU.ActiveCfg = Release|Any CPU
		{F4EC5F6E-B684-42D2-A8A8-772AF3DD3ED2}.Release|Any CPU.Build.0 = Release|Any CPU
	EndGlobalSection
	GlobalSection(SolutionProperties) = preSolution
		HideSolutionNode = FALSE
	EndGlobalSection
	GlobalSection(ExtensibilityGlobals) = postSolution
		SolutionGuid = {7CEE52BC-E179-4DA3-9BC3-EFE4CE7D8685}
	EndGlobalSection
EndGlobal
